// !$*UTF8*$!
{
	archiveVersion = 1;
	classes = {
	};
	objectVersion = 46;
	objects = {

/* Begin PBXBuildFile section */
		D8269ABE1D18D74900A3DAFE /* libsqlite3.0.tbd in Frameworks */ = {isa = PBXBuildFile; fileRef = D8269ABD1D18D74900A3DAFE /* libsqlite3.0.tbd */; };
		D8269AC11D18D7F600A3DAFE /* Constants.swift in Sources */ = {isa = PBXBuildFile; fileRef = D8269AC01D18D7F600A3DAFE /* Constants.swift */; };
		D8269AC31D18DBD300A3DAFE /* dictionary.db in Resources */ = {isa = PBXBuildFile; fileRef = D8269AC21D18DBD300A3DAFE /* dictionary.db */; };
		D8269AC71D18DD0D00A3DAFE /* DictionaryInterface.swift in Sources */ = {isa = PBXBuildFile; fileRef = D8269AC61D18DD0D00A3DAFE /* DictionaryInterface.swift */; };
		D8269AE71D18E07900A3DAFE /* FMDatabase.m in Sources */ = {isa = PBXBuildFile; fileRef = D8269ADD1D18E07900A3DAFE /* FMDatabase.m */; };
		D8269AE81D18E07900A3DAFE /* FMDatabaseAdditions.m in Sources */ = {isa = PBXBuildFile; fileRef = D8269ADF1D18E07900A3DAFE /* FMDatabaseAdditions.m */; };
		D8269AE91D18E07900A3DAFE /* FMDatabasePool.m in Sources */ = {isa = PBXBuildFile; fileRef = D8269AE11D18E07900A3DAFE /* FMDatabasePool.m */; };
		D8269AEA1D18E07900A3DAFE /* FMDatabaseQueue.m in Sources */ = {isa = PBXBuildFile; fileRef = D8269AE31D18E07900A3DAFE /* FMDatabaseQueue.m */; };
		D8269AEB1D18E07900A3DAFE /* FMResultSet.m in Sources */ = {isa = PBXBuildFile; fileRef = D8269AE61D18E07900A3DAFE /* FMResultSet.m */; };
		D85D92681D120AC4002BC94D /* AppDelegate.swift in Sources */ = {isa = PBXBuildFile; fileRef = D85D92671D120AC4002BC94D /* AppDelegate.swift */; };
		D85D926A1D120AC4002BC94D /* ViewController.swift in Sources */ = {isa = PBXBuildFile; fileRef = D85D92691D120AC4002BC94D /* ViewController.swift */; };
		D85D926D1D120AC4002BC94D /* Main.storyboard in Resources */ = {isa = PBXBuildFile; fileRef = D85D926B1D120AC4002BC94D /* Main.storyboard */; };
		D85D926F1D120AC4002BC94D /* Assets.xcassets in Resources */ = {isa = PBXBuildFile; fileRef = D85D926E1D120AC4002BC94D /* Assets.xcassets */; };
		D85D92721D120AC4002BC94D /* LaunchScreen.storyboard in Resources */ = {isa = PBXBuildFile; fileRef = D85D92701D120AC4002BC94D /* LaunchScreen.storyboard */; };
/* End PBXBuildFile section */

/* Begin PBXFileReference section */
		D8269ABD1D18D74900A3DAFE /* libsqlite3.0.tbd */ = {isa = PBXFileReference; lastKnownFileType = "sourcecode.text-based-dylib-definition"; name = libsqlite3.0.tbd; path = usr/lib/libsqlite3.0.tbd; sourceTree = SDKROOT; };
		D8269AC01D18D7F600A3DAFE /* Constants.swift */ = {isa = PBXFileReference; fileEncoding = 4; lastKnownFileType = sourcecode.swift; path = Constants.swift; sourceTree = "<group>"; };
		D8269AC21D18DBD300A3DAFE /* dictionary.db */ = {isa = PBXFileReference; lastKnownFileType = file; path = dictionary.db; sourceTree = "<group>"; };
		D8269AC61D18DD0D00A3DAFE /* DictionaryInterface.swift */ = {isa = PBXFileReference; fileEncoding = 4; lastKnownFileType = sourcecode.swift; path = DictionaryInterface.swift; sourceTree = "<group>"; };
		D8269ADB1D18E07800A3DAFE /* Diction-Bridging-Header.h */ = {isa = PBXFileReference; lastKnownFileType = sourcecode.c.h; path = "Diction-Bridging-Header.h"; sourceTree = "<group>"; };
		D8269ADC1D18E07900A3DAFE /* FMDatabase.h */ = {isa = PBXFileReference; fileEncoding = 4; lastKnownFileType = sourcecode.c.h; name = FMDatabase.h; path = fmdb/FMDatabase.h; sourceTree = "<group>"; };
		D8269ADD1D18E07900A3DAFE /* FMDatabase.m */ = {isa = PBXFileReference; fileEncoding = 4; lastKnownFileType = sourcecode.c.objc; name = FMDatabase.m; path = fmdb/FMDatabase.m; sourceTree = "<group>"; };
		D8269ADE1D18E07900A3DAFE /* FMDatabaseAdditions.h */ = {isa = PBXFileReference; fileEncoding = 4; lastKnownFileType = sourcecode.c.h; name = FMDatabaseAdditions.h; path = fmdb/FMDatabaseAdditions.h; sourceTree = "<group>"; };
		D8269ADF1D18E07900A3DAFE /* FMDatabaseAdditions.m */ = {isa = PBXFileReference; fileEncoding = 4; lastKnownFileType = sourcecode.c.objc; name = FMDatabaseAdditions.m; path = fmdb/FMDatabaseAdditions.m; sourceTree = "<group>"; };
		D8269AE01D18E07900A3DAFE /* FMDatabasePool.h */ = {isa = PBXFileReference; fileEncoding = 4; lastKnownFileType = sourcecode.c.h; name = FMDatabasePool.h; path = fmdb/FMDatabasePool.h; sourceTree = "<group>"; };
		D8269AE11D18E07900A3DAFE /* FMDatabasePool.m */ = {isa = PBXFileReference; fileEncoding = 4; lastKnownFileType = sourcecode.c.objc; name = FMDatabasePool.m; path = fmdb/FMDatabasePool.m; sourceTree = "<group>"; };
		D8269AE21D18E07900A3DAFE /* FMDatabaseQueue.h */ = {isa = PBXFileReference; fileEncoding = 4; lastKnownFileType = sourcecode.c.h; name = FMDatabaseQueue.h; path = fmdb/FMDatabaseQueue.h; sourceTree = "<group>"; };
		D8269AE31D18E07900A3DAFE /* FMDatabaseQueue.m */ = {isa = PBXFileReference; fileEncoding = 4; lastKnownFileType = sourcecode.c.objc; name = FMDatabaseQueue.m; path = fmdb/FMDatabaseQueue.m; sourceTree = "<group>"; };
		D8269AE41D18E07900A3DAFE /* FMDB.h */ = {isa = PBXFileReference; fileEncoding = 4; lastKnownFileType = sourcecode.c.h; name = FMDB.h; path = fmdb/FMDB.h; sourceTree = "<group>"; };
		D8269AE51D18E07900A3DAFE /* FMResultSet.h */ = {isa = PBXFileReference; fileEncoding = 4; lastKnownFileType = sourcecode.c.h; name = FMResultSet.h; path = fmdb/FMResultSet.h; sourceTree = "<group>"; };
		D8269AE61D18E07900A3DAFE /* FMResultSet.m */ = {isa = PBXFileReference; fileEncoding = 4; lastKnownFileType = sourcecode.c.objc; name = FMResultSet.m; path = fmdb/FMResultSet.m; sourceTree = "<group>"; };
		D85D92641D120AC4002BC94D /* Diction.app */ = {isa = PBXFileReference; explicitFileType = wrapper.application; includeInIndex = 0; path = Diction.app; sourceTree = BUILT_PRODUCTS_DIR; };
		D85D92671D120AC4002BC94D /* AppDelegate.swift */ = {isa = PBXFileReference; lastKnownFileType = sourcecode.swift; path = AppDelegate.swift; sourceTree = "<group>"; };
		D85D92691D120AC4002BC94D /* ViewController.swift */ = {isa = PBXFileReference; lastKnownFileType = sourcecode.swift; path = ViewController.swift; sourceTree = "<group>"; };
		D85D926C1D120AC4002BC94D /* Base */ = {isa = PBXFileReference; lastKnownFileType = file.storyboard; name = Base; path = Base.lproj/Main.storyboard; sourceTree = "<group>"; };
		D85D926E1D120AC4002BC94D /* Assets.xcassets */ = {isa = PBXFileReference; lastKnownFileType = folder.assetcatalog; path = Assets.xcassets; sourceTree = "<group>"; };
		D85D92711D120AC4002BC94D /* Base */ = {isa = PBXFileReference; lastKnownFileType = file.storyboard; name = Base; path = Base.lproj/LaunchScreen.storyboard; sourceTree = "<group>"; };
		D85D92731D120AC5002BC94D /* Info.plist */ = {isa = PBXFileReference; lastKnownFileType = text.plist.xml; path = Info.plist; sourceTree = "<group>"; };
/* End PBXFileReference section */

/* Begin PBXFrameworksBuildPhase section */
		D85D92611D120AC4002BC94D /* Frameworks */ = {
			isa = PBXFrameworksBuildPhase;
			buildActionMask = 2147483647;
			files = (
				D8269ABE1D18D74900A3DAFE /* libsqlite3.0.tbd in Frameworks */,
			);
			runOnlyForDeploymentPostprocessing = 0;
		};
/* End PBXFrameworksBuildPhase section */

/* Begin PBXGroup section */
		D8269ABF1D18D7BE00A3DAFE /* Extras */ = {
			isa = PBXGroup;
			children = (
				D8269AEC1D18E08200A3DAFE /* fmdb */,
				D8269ADB1D18E07800A3DAFE /* Diction-Bridging-Header.h */,
				D8269AC21D18DBD300A3DAFE /* dictionary.db */,
				D85D926E1D120AC4002BC94D /* Assets.xcassets */,
				D85D92731D120AC5002BC94D /* Info.plist */,
				D8269ABD1D18D74900A3DAFE /* libsqlite3.0.tbd */,
			);
			name = Extras;
			sourceTree = "<group>";
		};
		D8269AEC1D18E08200A3DAFE /* fmdb */ = {
			isa = PBXGroup;
			children = (
				D8269ADC1D18E07900A3DAFE /* FMDatabase.h */,
				D8269ADD1D18E07900A3DAFE /* FMDatabase.m */,
				D8269ADE1D18E07900A3DAFE /* FMDatabaseAdditions.h */,
				D8269ADF1D18E07900A3DAFE /* FMDatabaseAdditions.m */,
				D8269AE01D18E07900A3DAFE /* FMDatabasePool.h */,
				D8269AE11D18E07900A3DAFE /* FMDatabasePool.m */,
				D8269AE21D18E07900A3DAFE /* FMDatabaseQueue.h */,
				D8269AE31D18E07900A3DAFE /* FMDatabaseQueue.m */,
				D8269AE41D18E07900A3DAFE /* FMDB.h */,
				D8269AE51D18E07900A3DAFE /* FMResultSet.h */,
				D8269AE61D18E07900A3DAFE /* FMResultSet.m */,
			);
			name = fmdb;
			sourceTree = "<group>";
		};
		D85D925B1D120AC4002BC94D = {
			isa = PBXGroup;
			children = (
				D85D92661D120AC4002BC94D /* Diction */,
				D85D92651D120AC4002BC94D /* Products */,
			);
			sourceTree = "<group>";
		};
		D85D92651D120AC4002BC94D /* Products */ = {
			isa = PBXGroup;
			children = (
				D85D92641D120AC4002BC94D /* Diction.app */,
			);
			name = Products;
			sourceTree = "<group>";
		};
		D85D92661D120AC4002BC94D /* Diction */ = {
			isa = PBXGroup;
			children = (
				D85D926B1D120AC4002BC94D /* Main.storyboard */,
				D85D92701D120AC4002BC94D /* LaunchScreen.storyboard */,
				D8269AC61D18DD0D00A3DAFE /* DictionaryInterface.swift */,
				D85D92671D120AC4002BC94D /* AppDelegate.swift */,
				D85D92691D120AC4002BC94D /* ViewController.swift */,
				D8269AC01D18D7F600A3DAFE /* Constants.swift */,
				D8269ABF1D18D7BE00A3DAFE /* Extras */,
			);
			path = Diction;
			sourceTree = "<group>";
		};
/* End PBXGroup section */

/* Begin PBXNativeTarget section */
		D85D92631D120AC4002BC94D /* Diction */ = {
			isa = PBXNativeTarget;
			buildConfigurationList = D85D92761D120AC5002BC94D /* Build configuration list for PBXNativeTarget "Diction" */;
			buildPhases = (
				D85D92601D120AC4002BC94D /* Sources */,
				D85D92611D120AC4002BC94D /* Frameworks */,
				D85D92621D120AC4002BC94D /* Resources */,
			);
			buildRules = (
			);
			dependencies = (
			);
			name = Diction;
			productName = Diction;
			productReference = D85D92641D120AC4002BC94D /* Diction.app */;
			productType = "com.apple.product-type.application";
		};
/* End PBXNativeTarget section */

/* Begin PBXProject section */
		D85D925C1D120AC4002BC94D /* Project object */ = {
			isa = PBXProject;
			attributes = {
				LastSwiftUpdateCheck = 0730;
				LastUpgradeCheck = 0730;
				TargetAttributes = {
					D85D92631D120AC4002BC94D = {
						CreatedOnToolsVersion = 7.3;
					};
				};
			};
			buildConfigurationList = D85D925F1D120AC4002BC94D /* Build configuration list for PBXProject "Diction" */;
			compatibilityVersion = "Xcode 3.2";
			developmentRegion = English;
			hasScannedForEncodings = 0;
			knownRegions = (
				en,
				Base,
			);
			mainGroup = D85D925B1D120AC4002BC94D;
			productRefGroup = D85D92651D120AC4002BC94D /* Products */;
			projectDirPath = "";
			projectRoot = "";
			targets = (
				D85D92631D120AC4002BC94D /* Diction */,
			);
		};
/* End PBXProject section */

/* Begin PBXResourcesBuildPhase section */
		D85D92621D120AC4002BC94D /* Resources */ = {
			isa = PBXResourcesBuildPhase;
			buildActionMask = 2147483647;
			files = (
				D85D92721D120AC4002BC94D /* LaunchScreen.storyboard in Resources */,
				D8269AC31D18DBD300A3DAFE /* dictionary.db in Resources */,
				D85D926F1D120AC4002BC94D /* Assets.xcassets in Resources */,
				D85D926D1D120AC4002BC94D /* Main.storyboard in Resources */,
			);
			runOnlyForDeploymentPostprocessing = 0;
		};
/* End PBXResourcesBuildPhase section */

/* Begin PBXSourcesBuildPhase section */
		D85D92601D120AC4002BC94D /* Sources */ = {
			isa = PBXSourcesBuildPhase;
			buildActionMask = 2147483647;
			files = (
				D85D926A1D120AC4002BC94D /* ViewController.swift in Sources */,
				D8269AEA1D18E07900A3DAFE /* FMDatabaseQueue.m in Sources */,
				D85D92681D120AC4002BC94D /* AppDelegate.swift in Sources */,
				D8269AC11D18D7F600A3DAFE /* Constants.swift in Sources */,
				D8269AE71D18E07900A3DAFE /* FMDatabase.m in Sources */,
				D8269AE91D18E07900A3DAFE /* FMDatabasePool.m in Sources */,
				D8269AEB1D18E07900A3DAFE /* FMResultSet.m in Sources */,
				D8269AC71D18DD0D00A3DAFE /* DictionaryInterface.swift in Sources */,
				D8269AE81D18E07900A3DAFE /* FMDatabaseAdditions.m in Sources */,
			);
			runOnlyForDeploymentPostprocessing = 0;
		};
/* End PBXSourcesBuildPhase section */

/* Begin PBXVariantGroup section */
		D85D926B1D120AC4002BC94D /* Main.storyboard */ = {
			isa = PBXVariantGroup;
			children = (
				D85D926C1D120AC4002BC94D /* Base */,
			);
			name = Main.storyboard;
			sourceTree = "<group>";
		};
		D85D92701D120AC4002BC94D /* LaunchScreen.storyboard */ = {
			isa = PBXVariantGroup;
			children = (
				D85D92711D120AC4002BC94D /* Base */,
			);
			name = LaunchScreen.storyboard;
			sourceTree = "<group>";
		};
/* End PBXVariantGroup section */

/* Begin XCBuildConfiguration section */
		D85D92741D120AC5002BC94D /* Debug */ = {
			isa = XCBuildConfiguration;
			buildSettings = {
				ALWAYS_SEARCH_USER_PATHS = NO;
				CLANG_ANALYZER_NONNULL = YES;
				CLANG_CXX_LANGUAGE_STANDARD = "gnu++0x";
				CLANG_CXX_LIBRARY = "libc++";
				CLANG_ENABLE_MODULES = YES;
				CLANG_ENABLE_OBJC_ARC = YES;
				CLANG_WARN_BOOL_CONVERSION = YES;
				CLANG_WARN_CONSTANT_CONVERSION = YES;
				CLANG_WARN_DIRECT_OBJC_ISA_USAGE = YES_ERROR;
				CLANG_WARN_EMPTY_BODY = YES;
				CLANG_WARN_ENUM_CONVERSION = YES;
				CLANG_WARN_INT_CONVERSION = YES;
				CLANG_WARN_OBJC_ROOT_CLASS = YES_ERROR;
				CLANG_WARN_UNREACHABLE_CODE = YES;
				CLANG_WARN__DUPLICATE_METHOD_MATCH = YES;
				"CODE_SIGN_IDENTITY[sdk=iphoneos*]" = "iPhone Developer";
				COPY_PHASE_STRIP = NO;
				DEBUG_INFORMATION_FORMAT = dwarf;
				ENABLE_STRICT_OBJC_MSGSEND = YES;
				ENABLE_TESTABILITY = YES;
				GCC_C_LANGUAGE_STANDARD = gnu99;
				GCC_DYNAMIC_NO_PIC = NO;
				GCC_NO_COMMON_BLOCKS = YES;
				GCC_OPTIMIZATION_LEVEL = 0;
				GCC_PREPROCESSOR_DEFINITIONS = (
					"DEBUG=1",
					"$(inherited)",
				);
				GCC_WARN_64_TO_32_BIT_CONVERSION = YES;
				GCC_WARN_ABOUT_RETURN_TYPE = YES_ERROR;
				GCC_WARN_UNDECLARED_SELECTOR = YES;
				GCC_WARN_UNINITIALIZED_AUTOS = YES_AGGRESSIVE;
				GCC_WARN_UNUSED_FUNCTION = YES;
				GCC_WARN_UNUSED_VARIABLE = YES;
				IPHONEOS_DEPLOYMENT_TARGET = 9.3;
				MTL_ENABLE_DEBUG_INFO = YES;
				ONLY_ACTIVE_ARCH = YES;
				SDKROOT = iphoneos;
				SWIFT_OPTIMIZATION_LEVEL = "-Onone";
				TARGETED_DEVICE_FAMILY = "1,2";
			};
			name = Debug;
		};
		D85D92751D120AC5002BC94D /* Release */ = {
			isa = XCBuildConfiguration;
			buildSettings = {
				ALWAYS_SEARCH_USER_PATHS = NO;
				CLANG_ANALYZER_NONNULL = YES;
				CLANG_CXX_LANGUAGE_STANDARD = "gnu++0x";
				CLANG_CXX_LIBRARY = "libc++";
				CLANG_ENABLE_MODULES = YES;
				CLANG_ENABLE_OBJC_ARC = YES;
				CLANG_WARN_BOOL_CONVERSION = YES;
				CLANG_WARN_CONSTANT_CONVERSION = YES;
				CLANG_WARN_DIRECT_OBJC_ISA_USAGE = YES_ERROR;
				CLANG_WARN_EMPTY_BODY = YES;
				CLANG_WARN_ENUM_CONVERSION = YES;
				CLANG_WARN_INT_CONVERSION = YES;
				CLANG_WARN_OBJC_ROOT_CLASS = YES_ERROR;
				CLANG_WARN_UNREACHABLE_CODE = YES;
				CLANG_WARN__DUPLICATE_METHOD_MATCH = YES;
				"CODE_SIGN_IDENTITY[sdk=iphoneos*]" = "iPhone Developer";
				COPY_PHASE_STRIP = NO;
				DEBUG_INFORMATION_FORMAT = "dwarf-with-dsym";
				ENABLE_NS_ASSERTIONS = NO;
				ENABLE_STRICT_OBJC_MSGSEND = YES;
				GCC_C_LANGUAGE_STANDARD = gnu99;
				GCC_NO_COMMON_BLOCKS = YES;
				GCC_WARN_64_TO_32_BIT_CONVERSION = YES;
				GCC_WARN_ABOUT_RETURN_TYPE = YES_ERROR;
				GCC_WARN_UNDECLARED_SELECTOR = YES;
				GCC_WARN_UNINITIALIZED_AUTOS = YES_AGGRESSIVE;
				GCC_WARN_UNUSED_FUNCTION = YES;
				GCC_WARN_UNUSED_VARIABLE = YES;
				IPHONEOS_DEPLOYMENT_TARGET = 9.3;
				MTL_ENABLE_DEBUG_INFO = NO;
				SDKROOT = iphoneos;
				TARGETED_DEVICE_FAMILY = "1,2";
				VALIDATE_PRODUCT = YES;
			};
			name = Release;
		};
		D85D92771D120AC5002BC94D /* Debug */ = {
			isa = XCBuildConfiguration;
			buildSettings = {
				ASSETCATALOG_COMPILER_APPICON_NAME = AppIcon;
				CLANG_ENABLE_MODULES = YES;
				INFOPLIST_FILE = Diction/Info.plist;
				LD_RUNPATH_SEARCH_PATHS = "$(inherited) @executable_path/Frameworks";
				PRODUCT_BUNDLE_IDENTIFIER = com.bacon.nelken.Diction;
				PRODUCT_NAME = "$(TARGET_NAME)";
				SWIFT_OBJC_BRIDGING_HEADER = "Diction/Diction-Bridging-Header.h";
				SWIFT_OPTIMIZATION_LEVEL = "-Onone";
			};
			name = Debug;
		};
		D85D92781D120AC5002BC94D /* Release */ = {
			isa = XCBuildConfiguration;
			buildSettings = {
				ASSETCATALOG_COMPILER_APPICON_NAME = AppIcon;
				CLANG_ENABLE_MODULES = YES;
				INFOPLIST_FILE = Diction/Info.plist;
				LD_RUNPATH_SEARCH_PATHS = "$(inherited) @executable_path/Frameworks";
				PRODUCT_BUNDLE_IDENTIFIER = com.bacon.nelken.Diction;
				PRODUCT_NAME = "$(TARGET_NAME)";
				SWIFT_OBJC_BRIDGING_HEADER = "Diction/Diction-Bridging-Header.h";
			};
			name = Release;
		};
/* End XCBuildConfiguration section */

/* Begin XCConfigurationList section */
		D85D925F1D120AC4002BC94D /* Build configuration list for PBXProject "Diction" */ = {
			isa = XCConfigurationList;
			buildConfigurations = (
				D85D92741D120AC5002BC94D /* Debug */,
				D85D92751D120AC5002BC94D /* Release */,
			);
			defaultConfigurationIsVisible = 0;
			defaultConfigurationName = Release;
		};
		D85D92761D120AC5002BC94D /* Build configuration list for PBXNativeTarget "Diction" */ = {
			isa = XCConfigurationList;
			buildConfigurations = (
				D85D92771D120AC5002BC94D /* Debug */,
				D85D92781D120AC5002BC94D /* Release */,
			);
			defaultConfigurationIsVisible = 0;
			defaultConfigurationName = Release;
		};
/* End XCConfigurationList section */
	};
	rootObject = D85D925C1D120AC4002BC94D /* Project object */;
}
